lockfileVersion: '9.0'

settings:
  autoInstallPeers: true
  excludeLinksFromLockfile: false

importers:

  .:
    dependencies:
      canvas-confetti:
        specifier: 1.9.4
        version: 1.9.4

packages:

  canvas-confetti@1.9.4:
    resolution: {integrity: sha512-yxQbJkAVrFXWNbTUjPqjF7G+g6pDotOUHGbkZq2NELZUMDpiJ85rIEazVb8GTaAptNW2miJAXbs1BtioA251Pw==}

snapshots:

  canvas-confetti@1.9.4: {}
